
Microsoft Visual Studio Solution File, Format Version 12.00
# Visual Studio Version 17
VisualStudioVersion = 17.1.32328.378
MinimumVisualStudioVersion = 10.0.40219.1
Project("{9A19103F-16F7-4668-BE54-9A1E7A4F7556}") = "DowntimeKuma", "DowntimeKuma\DowntimeKuma.csproj", "{EF6B36C5-0674-4DA2-B281-90129C249243}"
EndProject
Global
	GlobalSection(SolutionConfigurationPlatforms) = preSolution
		Debug|Any CPU = Debug|Any CPU
		Release|Any CPU = Release|Any CPU
	EndGlobalSection
	GlobalSection(ProjectConfigurationPlatforms) = postSolution
		{EF6B36C5-0674-4DA2-B281-90129C249243}.Debug|Any CPU.ActiveCfg = Debug|Any CPU
		{EF6B36C5-0674-4DA2-B281-90129C249243}.Debug|Any CPU.Build.0 = Debug|Any CPU
		{EF6B36C5-0674-4DA2-B281-90129C249243}.Release|Any CPU.ActiveCfg = Release|Any CPU
		{EF6B36C5-0674-4DA2-B281-90129C249243}.Release|Any CPU.Build.0 = Release|Any CPU
	EndGlobalSection
	GlobalSection(SolutionProperties) = preSolution
		HideSolutionNode = FALSE
	EndGlobalSection
	GlobalSection(ExtensibilityGlobals) = postSolution
		SolutionGuid = {A0A76513-A225-4F52-A33A-58040A7A433A}
	EndGlobalSection
EndGlobal
